
Microsoft Visual Studio Solution File, Format Version 12.00
# Visual Studio 15
VisualStudioVersion = 15.0.28307.136
MinimumVisualStudioVersion = 10.0.40219.1
Project("{FAE04EC0-301F-11D3-BF4B-00C04F79EFBC}") = "NBA", "NBA\NBA.csproj", "{A90566EA-6273-490A-AAEF-B46C69F132F3}"
EndProject
Project("{FAE04EC0-301F-11D3-BF4B-00C04F79EFBC}") = "NBA.Data", "NBA.Data\NBA.Data.csproj", "{3DBF462A-AD11-4538-9E43-ACD63E2FD363}"
EndProject
Project("{FAE04EC0-301F-11D3-BF4B-00C04F79EFBC}") = "NBA.Services", "NBA.Service\NBA.Services.csproj", "{AB9FDC82-68F4-46CD-A84B-8573405F6E66}"
EndProject
Global
	GlobalSection(SolutionConfigurationPlatforms) = preSolution
		Debug|Any CPU = Debug|Any CPU
		Release|Any CPU = Release|Any CPU
	EndGlobalSection
	GlobalSection(ProjectConfigurationPlatforms) = postSolution
		{A90566EA-6273-490A-AAEF-B46C69F132F3}.Debug|Any CPU.ActiveCfg = Debug|Any CPU
		{A90566EA-6273-490A-AAEF-B46C69F132F3}.Debug|Any CPU.Build.0 = Debug|Any CPU
		{A90566EA-6273-490A-AAEF-B46C69F132F3}.Release|Any CPU.ActiveCfg = Release|Any CPU
		{A90566EA-6273-490A-AAEF-B46C69F132F3}.Release|Any CPU.Build.0 = Release|Any CPU
		{3DBF462A-AD11-4538-9E43-ACD63E2FD363}.Debug|Any CPU.ActiveCfg = Debug|Any CPU
		{3DBF462A-AD11-4538-9E43-ACD63E2FD363}.Debug|Any CPU.Build.0 = Debug|Any CPU
		{3DBF462A-AD11-4538-9E43-ACD63E2FD363}.Release|Any CPU.ActiveCfg = Release|Any CPU
		{3DBF462A-AD11-4538-9E43-ACD63E2FD363}.Release|Any CPU.Build.0 = Release|Any CPU
		{AB9FDC82-68F4-46CD-A84B-8573405F6E66}.Debug|Any CPU.ActiveCfg = Debug|Any CPU
		{AB9FDC82-68F4-46CD-A84B-8573405F6E66}.Debug|Any CPU.Build.0 = Debug|Any CPU
		{AB9FDC82-68F4-46CD-A84B-8573405F6E66}.Release|Any CPU.ActiveCfg = Release|Any CPU
		{AB9FDC82-68F4-46CD-A84B-8573405F6E66}.Release|Any CPU.Build.0 = Release|Any CPU
	EndGlobalSection
	GlobalSection(SolutionProperties) = preSolution
		HideSolutionNode = FALSE
	EndGlobalSection
	GlobalSection(ExtensibilityGlobals) = postSolution
		SolutionGuid = {207E331C-E03E-4D9E-9D66-59E8B858FB36}
	EndGlobalSection
EndGlobal
